
Microsoft Visual Studio Solution File, Format Version 12.00
# Visual Studio Version 17
VisualStudioVersion = 17.5.33516.290
MinimumVisualStudioVersion = 10.0.40219.1
Project("{FAE04EC0-301F-11D3-BF4B-00C04F79EFBC}") = "SistemaAlunos", "SistemaAlunos\SistemaAlunos.csproj", "{E18AF2A7-950B-454C-AC9D-8ED78C044BA7}"
EndProject
Global
	GlobalSection(SolutionConfigurationPlatforms) = preSolution
		Debug|Any CPU = Debug|Any CPU
		Release|Any CPU = Release|Any CPU
	EndGlobalSection
	GlobalSection(ProjectConfigurationPlatforms) = postSolution
		{E18AF2A7-950B-454C-AC9D-8ED78C044BA7}.Debug|Any CPU.ActiveCfg = Debug|Any CPU
		{E18AF2A7-950B-454C-AC9D-8ED78C044BA7}.Debug|Any CPU.Build.0 = Debug|Any CPU
		{E18AF2A7-950B-454C-AC9D-8ED78C044BA7}.Release|Any CPU.ActiveCfg = Release|Any CPU
		{E18AF2A7-950B-454C-AC9D-8ED78C044BA7}.Release|Any CPU.Build.0 = Release|Any CPU
	EndGlobalSection
	GlobalSection(SolutionProperties) = preSolution
		HideSolutionNode = FALSE
	EndGlobalSection
	GlobalSection(ExtensibilityGlobals) = postSolution
		SolutionGuid = {92267CE0-6FD9-4810-9572-A004AF405CCF}
	EndGlobalSection
EndGlobal
